
Microsoft Visual Studio Solution File, Format Version 12.00
# Visual Studio Version 17
VisualStudioVersion = 17.1.32319.34
MinimumVisualStudioVersion = 10.0.40219.1
Project("{9A19103F-16F7-4668-BE54-9A1E7A4F7556}") = "TaskTracker_API", "TaskTracker\TaskTracker_API.csproj", "{4BED9D6E-72EF-4075-94CE-C39A038BCAAF}"
EndProject
Project("{9A19103F-16F7-4668-BE54-9A1E7A4F7556}") = "TaskTracker_DAL", "TaskTracker_DAL\TaskTracker_DAL.csproj", "{8201F2FA-109E-4766-98FC-890BA07F5DAB}"
EndProject
Project("{9A19103F-16F7-4668-BE54-9A1E7A4F7556}") = "TaskTracker_LOGIC", "TaskTracker_LOGIC\TaskTracker_LOGIC.csproj", "{09213DCA-3541-4C28-A58F-5E45A152F0B5}"
EndProject
Global
	GlobalSection(SolutionConfigurationPlatforms) = preSolution
		Debug|Any CPU = Debug|Any CPU
		Release|Any CPU = Release|Any CPU
	EndGlobalSection
	GlobalSection(ProjectConfigurationPlatforms) = postSolution
		{4BED9D6E-72EF-4075-94CE-C39A038BCAAF}.Debug|Any CPU.ActiveCfg = Debug|Any CPU
		{4BED9D6E-72EF-4075-94CE-C39A038BCAAF}.Debug|Any CPU.Build.0 = Debug|Any CPU
		{4BED9D6E-72EF-4075-94CE-C39A038BCAAF}.Release|Any CPU.ActiveCfg = Release|Any CPU
		{4BED9D6E-72EF-4075-94CE-C39A038BCAAF}.Release|Any CPU.Build.0 = Release|Any CPU
		{8201F2FA-109E-4766-98FC-890BA07F5DAB}.Debug|Any CPU.ActiveCfg = Debug|Any CPU
		{8201F2FA-109E-4766-98FC-890BA07F5DAB}.Debug|Any CPU.Build.0 = Debug|Any CPU
		{8201F2FA-109E-4766-98FC-890BA07F5DAB}.Release|Any CPU.ActiveCfg = Release|Any CPU
		{8201F2FA-109E-4766-98FC-890BA07F5DAB}.Release|Any CPU.Build.0 = Release|Any CPU
		{09213DCA-3541-4C28-A58F-5E45A152F0B5}.Debug|Any CPU.ActiveCfg = Debug|Any CPU
		{09213DCA-3541-4C28-A58F-5E45A152F0B5}.Debug|Any CPU.Build.0 = Debug|Any CPU
		{09213DCA-3541-4C28-A58F-5E45A152F0B5}.Release|Any CPU.ActiveCfg = Release|Any CPU
		{09213DCA-3541-4C28-A58F-5E45A152F0B5}.Release|Any CPU.Build.0 = Release|Any CPU
	EndGlobalSection
	GlobalSection(SolutionProperties) = preSolution
		HideSolutionNode = FALSE
	EndGlobalSection
	GlobalSection(ExtensibilityGlobals) = postSolution
		SolutionGuid = {371A462F-04B5-433B-84F4-E9B4F47DB29E}
	EndGlobalSection
EndGlobal
